{
    "requires": true,
    "lockfileVersion": 1,
    "dependencies": {
        "vant-aliapp": {
            "version": "1.0.13",
            "resolved": "https://registry.npmjs.org/vant-aliapp/-/vant-aliapp-1.0.13.tgz",
            "integrity": "sha512-o+DgD8OYiBbfCNe6cROispbO62RWtc2zC3HXLcBkwdsLjkpCFIz+Q1y/5mXVgzewBm/czvRYfzx+aGxMDbq3Vg=="
        }
    }
}
