{
  "name": "vant-app-npm",
  "version": "1.0.0",
  "lockfileVersion": 1,
  "requires": true,
  "dependencies": {
    "vant-aliapp": {
      "version": "1.0.14",
      "resolved": "https://registry.npmjs.org/vant-aliapp/-/vant-aliapp-1.0.14.tgz",
      "integrity": "sha512-F7Jh9nJlOYeTwxsuGw2OWQv3hc9Wy3NYGAs2JEpScwxRFkxYYlZ9wo3ILaWf0Gp65JzcQamFksmh0Ac1v8UaNw=="
    }
  }
}
