{
  "name": "vant-app",
  "version": "1.0.0",
  "lockfileVersion": 1,
  "requires": true,
  "dependencies": {
    "vant-aliapp": {
      "version": "1.0.18",
      "resolved": "https://registry.npm.alibaba-inc.com/vant-aliapp/download/vant-aliapp-1.0.18.tgz",
      "integrity": "sha1-VzUm/1nbS0VMkID6Gd1+6hRlVzU="
    }
  }
}
