{
  "requires": true,
  "lockfileVersion": 1,
  "dependencies": {
    "vant-aliapp": {
      "version": "1.0.11",
      "resolved": "https://registry.npmjs.org/vant-aliapp/-/vant-aliapp-1.0.11.tgz",
      "integrity": "sha512-KgWIS+nyoQ2FacK/u8TSATohnboyCRPZ3YVtL62e66OuwNtrYJpr1o2+eYYgaHwtJzO9XWL6C4DO6Twlj13svw=="
    }
  }
}
